[0m[1mmodule.dns.aws_route53_zone.xx: Refreshing state... [id=Z0573077374VV7G7HIN37][0m
[0m[1mmodule.isuxportal.aws_elasticache_parameter_group.redis6x: Refreshing state... [id=stg-portal-redis6x][0m
[0m[1mmodule.isuxportal.aws_vpc.main: Refreshing state... [id=vpc-01c3a74fb8f0a3101][0m
[0m[1mmodule.isuxportal.aws_db_parameter_group.main: Refreshing state... [id=stg-portal-aurora-mysql8][0m
[0m[1maws_internet_gateway.main: Refreshing state... [id=igw-0bcd2500b5923aad3][0m
[0m[1maws_kms_key.main: Refreshing state... [id=21a4ee4c-dc7a-44fe-9773-e2e48a7c6dd9][0m
[0m[1maws_main_route_table_association.public: Refreshing state... [id=rtbassoc-04d76ec0dd2f02563][0m
[0m[1maws_kms_alias.main: Refreshing state... [id=alias/stg-portal][0m
[0m[1mmodule.isuxportal.aws_s3_bucket.config: Refreshing state... [id=config-stg-portal-isucon14][0m
[0m[1mmodule.isuxportal.aws_acm_certificate.wildcard: Refreshing state... [id=arn:aws:acm:ap-northeast-1:692859926955:certificate/d5c6ee99-34ab-4b4d-91dd-d23e38aac74b][0m
[0m[1mmodule.isuxportal.aws_cloudwatch_log_group.ecs["execute-command"]: Refreshing state... [id=/ecs/stg/portal/execute-command][0m
[0m[1mmodule.isuxportal.aws_cloudwatch_log_group.ecs["nginx"]: Refreshing state... [id=/ecs/stg/portal/nginx][0m
[0m[1mmodule.isuxportal.aws_cloudwatch_log_group.ecs["benchmarker"]: Refreshing state... [id=/ecs/stg/portal/benchmarker][0m
[0m[1mmodule.isuxportal.aws_cloudwatch_log_group.ecs["app"]: Refreshing state... [id=/ecs/stg/portal/app][0m
[0m[1mmodule.dns.aws_route53_zone.portal: Refreshing state... [id=Z05730581UHYBLY98WR54][0m
[0m[1mmodule.isuxportal.aws_cognito_user_pool.developers: Refreshing state... [id=ap-northeast-1_LYVUWowRM][0m
[0m[1mmodule.isuxportal.aws_rds_cluster_parameter_group.main: Refreshing state... [id=stg-portal-mysql8][0m
[0m[1mmodule.isuxportal.data.aws_iam_role.admin: Reading...[0m[0m
[0m[1mmodule.isuxportal.aws_sqs_queue.activejob-dlq: Refreshing state... [id=https://sqs.ap-northeast-1.amazonaws.com/692859926955/stg-portal-activejob-dlq][0m
[0m[1mmodule.isuxportal.aws_ecr_repository.nginx: Refreshing state... [id=stg/portal/nginx][0m
[0m[1mmodule.isuxportal.aws_iam_role.rds-monitoring: Refreshing state... [id=stg-portal-rds-monitoring][0m
[0m[1mmodule.isuxportal.aws_ecr_repository.benchmarker: Refreshing state... [id=stg/benchmarker][0m
[0m[1mmodule.isuxportal.aws_ecr_repository.app: Refreshing state... [id=stg/portal/app][0m
[0m[1mmodule.isuxportal.aws_iam_policy.ecs-task: Refreshing state... [id=arn:aws:iam::692859926955:policy/stg-portal-ecs-task][0m
[0m[1mmodule.isuxportal.aws_s3_bucket.logs: Refreshing state... [id=logs-stg-portal-isucon14][0m
[0m[1mmodule.isuxportal.aws_iam_role.ecs-task: Refreshing state... [id=stg-portal-ecs-task][0m
[0m[1mmodule.isuxportal.data.aws_caller_identity.current: Reading...[0m[0m
[0m[1mmodule.isuxportal.data.aws_caller_identity.current: Read complete after 0s [id=692859926955][0m
[0m[1mmodule.isuxportal.aws_sns_topic.chatbot: Refreshing state... [id=arn:aws:sns:ap-northeast-1:692859926955:stg-portal-chatbot][0m
[0m[1mmodule.isuxportal.aws_sqs_queue.activejob: Refreshing state... [id=https://sqs.ap-northeast-1.amazonaws.com/692859926955/stg-portal-activejob][0m
[0m[1mmodule.isuxportal.aws_s3_bucket_server_side_encryption_configuration.config: Refreshing state... [id=config-stg-portal-isucon14][0m
[0m[1mmodule.isuxportal.aws_s3_bucket_public_access_block.config: Refreshing state... [id=config-stg-portal-isucon14][0m
[0m[1mmodule.isuxportal.aws_cognito_user_pool_domain.domain: Refreshing state... [id=stg-portal-isucon14][0m
[0m[1mmodule.isuxportal.aws_lb_target_group.app: Refreshing state... [id=arn:aws:elasticloadbalancing:ap-northeast-1:692859926955:targetgroup/stg-portal-app2/8a9f0f13a64e7dac][0m
[0m[1mmodule.isuxportal.aws_subnet.az-c-benchmarker: Refreshing state... [id=subnet-04ab95af456206125][0m
[0m[1mmodule.isuxportal.aws_security_group.http-https: Refreshing state... [id=sg-0918a0ba98a53658e][0m
[0m[1mmodule.isuxportal.aws_subnet.az-a-benchmarker: Refreshing state... [id=subnet-0ccaf276602b6fa62][0m
[0m[1mmodule.isuxportal.aws_subnet.az-d: Refreshing state... [id=subnet-01a0a9d0bd01f2d83][0m
[0m[1mmodule.isuxportal.aws_subnet.az-d-benchmarker: Refreshing state... [id=subnet-0f06cc97e878d4ddc][0m
[0m[1mmodule.isuxportal.aws_security_group.internal: Refreshing state... [id=sg-0dd6b4e8db3d5f3b0][0m
[0m[1mmodule.isuxportal.aws_subnet.az-a: Refreshing state... [id=subnet-072692201137d1e55][0m
[0m[1mmodule.isuxportal.aws_subnet.az-c: Refreshing state... [id=subnet-0fc669cbc9b5367d0][0m
[0m[1mmodule.isuxportal.aws_acm_certificate.wildcard-use1: Refreshing state... [id=arn:aws:acm:us-east-1:692859926955:certificate/97f355da-2658-4ac0-b523-e15f0761ed62][0m
[0m[1mmodule.isuxportal.aws_route_table.public: Refreshing state... [id=rtb-07ba91c7b10f9bfcf][0m
[0m[1mmodule.isuxportal.aws_s3_bucket_public_access_block.logs: Refreshing state... [id=logs-stg-portal-isucon14][0m
[0m[1mmodule.isuxportal.aws_s3_bucket_server_side_encryption_configuration.logs: Refreshing state... [id=logs-stg-portal-isucon14][0m
[0m[1mmodule.isuxportal.aws_s3_bucket_ownership_controls.logs: Refreshing state... [id=logs-stg-portal-isucon14][0m
[0m[1mmodule.isuxportal.aws_s3_bucket_policy.logs: Refreshing state... [id=logs-stg-portal-isucon14][0m
[0m[1mmodule.isuxportal.aws_s3_bucket_acl.logs_bucket_acl: Refreshing state... [id=logs-stg-portal-isucon14,private][0m
[0m[1mmodule.isuxportal.aws_db_subnet_group.main: Refreshing state... [id=stg-portal][0m
[0m[1mmodule.isuxportal.data.aws_iam_role.admin: Read complete after 1s [id=AWSReservedSSO_AdministratorAccess_71a4d573abfa63cc][0m
[0m[1mmodule.isuxportal.aws_lb.main: Refreshing state... [id=arn:aws:elasticloadbalancing:ap-northeast-1:692859926955:loadbalancer/app/stg-portal/c29eb6908462b813][0m
[0m[1mmodule.isuxportal.aws_elasticache_subnet_group.main: Refreshing state... [id=stg-portal][0m
[0m[1mmodule.isuxportal.aws_route53_record.cert["portal.isucon.jp"]: Refreshing state... [id=Z05730581UHYBLY98WR54__9394e9205d7654b17d320a03b5db27d2.portal.isucon.jp._CNAME][0m
[0m[1mmodule.isuxportal.aws_route53_record.cert["*.portal.isucon.jp"]: Refreshing state... [id=Z05730581UHYBLY98WR54__9394e9205d7654b17d320a03b5db27d2.portal.isucon.jp._CNAME][0m
[0m[1mmodule.isuxportal.aws_rds_cluster.main: Refreshing state... [id=stg-portal][0m
[0m[1mmodule.isuxportal.aws_route53_record.portal-lb: Refreshing state... [id=Z05730581UHYBLY98WR54_lb.portal.isucon.jp_A][0m
[0m[1mmodule.isuxportal.aws_lb_listener.http: Refreshing state... [id=arn:aws:elasticloadbalancing:ap-northeast-1:692859926955:listener/app/stg-portal/c29eb6908462b813/ec8f0fa3cf70c276][0m
[0m[1mmodule.isuxportal.aws_lb_listener.https: Refreshing state... [id=arn:aws:elasticloadbalancing:ap-northeast-1:692859926955:listener/app/stg-portal/c29eb6908462b813/bc891103fd76a7a8][0m
[0m[1mmodule.isuxportal.aws_cognito_user_pool_client.client: Refreshing state... [id=3eq2nf6d87968vkogtpq72fog5][0m
[0m[1mmodule.isuxportal.aws_elasticache_replication_group.main: Refreshing state... [id=stg-portal][0m
[0m[1mmodule.isuxportal.aws_iam_role_policy_attachment.rds-monitoring: Refreshing state... [id=stg-portal-rds-monitoring-20240824085622379200000003][0m
[0m[1mmodule.isuxportal.aws_rds_cluster_instance.main-1: Refreshing state... [id=stg-portal-1][0m
[0m[1mmodule.isuxportal.aws_iam_role_policy_attachment.ecs-task: Refreshing state... [id=stg-portal-ecs-task-20240824085622345900000002][0m
[0m[1mmodule.isuxportal.aws_ecs_cluster.benchmarker: Refreshing state... [id=arn:aws:ecs:ap-northeast-1:692859926955:cluster/stg-benchmarker][0m
[0m[1mmodule.isuxportal.aws_ecs_cluster.main: Refreshing state... [id=arn:aws:ecs:ap-northeast-1:692859926955:cluster/stg-portal][0m
[0m[1mmodule.isuxportal.aws_cloudfront_distribution.portal: Refreshing state... [id=E29G4IMTE7TLLE][0m
[0m[1mmodule.isuxportal.aws_route53_record.portal: Refreshing state... [id=Z05730581UHYBLY98WR54_portal.isucon.jp_A][0m
[0m[1mmodule.isuxportal.aws_lb_listener_rule.app: Refreshing state... [id=arn:aws:elasticloadbalancing:ap-northeast-1:692859926955:listener-rule/app/stg-portal/c29eb6908462b813/bc891103fd76a7a8/73b41e9d5c262d02][0m

Terraform used the selected providers to generate the following execution
plan. Resource actions are indicated with the following symbols:
  [32m+[0m create[0m
  [33m~[0m update in-place[0m
  [31m-[0m destroy[0m

Terraform will perform the following actions:

[1m  # aws_internet_gateway.main[0m will be [1m[31mdestroyed[0m
  # (because aws_internet_gateway.main is not in configuration)
[0m  [31m-[0m[0m resource "aws_internet_gateway" "main" {
      [31m-[0m[0m arn      = "arn:aws:ec2:ap-northeast-1:692859926955:internet-gateway/igw-0bcd2500b5923aad3" [90m-> null[0m[0m
      [31m-[0m[0m id       = "igw-0bcd2500b5923aad3" [90m-> null[0m[0m
      [31m-[0m[0m owner_id = "692859926955" [90m-> null[0m[0m
      [31m-[0m[0m tags     = {
          [31m-[0m[0m "Name" = "stg-portal-igw"
        } [90m-> null[0m[0m
      [31m-[0m[0m tags_all = {
          [31m-[0m[0m "Env"     = "stg"
          [31m-[0m[0m "Name"    = "stg-portal-igw"
          [31m-[0m[0m "Project" = "portal"
        } [90m-> null[0m[0m
      [31m-[0m[0m vpc_id   = "vpc-01c3a74fb8f0a3101" [90m-> null[0m[0m
    }

[1m  # aws_kms_alias.main[0m will be [1m[31mdestroyed[0m
  # (because aws_kms_alias.main is not in configuration)
[0m  [31m-[0m[0m resource "aws_kms_alias" "main" {
      [31m-[0m[0m arn            = "arn:aws:kms:ap-northeast-1:692859926955:alias/stg-portal" [90m-> null[0m[0m
      [31m-[0m[0m id             = "alias/stg-portal" [90m-> null[0m[0m
      [31m-[0m[0m name           = "alias/stg-portal" [90m-> null[0m[0m
      [31m-[0m[0m target_key_arn = "arn:aws:kms:ap-northeast-1:692859926955:key/21a4ee4c-dc7a-44fe-9773-e2e48a7c6dd9" [90m-> null[0m[0m
      [31m-[0m[0m target_key_id  = "21a4ee4c-dc7a-44fe-9773-e2e48a7c6dd9" [90m-> null[0m[0m
        [90m# (1 unchanged attribute hidden)[0m[0m
    }

[1m  # aws_kms_key.main[0m will be [1m[31mdestroyed[0m
  # (because aws_kms_key.main is not in configuration)
[0m  [31m-[0m[0m resource "aws_kms_key" "main" {
      [31m-[0m[0m arn                                = "arn:aws:kms:ap-northeast-1:692859926955:key/21a4ee4c-dc7a-44fe-9773-e2e48a7c6dd9" [90m-> null[0m[0m
      [31m-[0m[0m bypass_policy_lockout_safety_check = false [90m-> null[0m[0m
      [31m-[0m[0m customer_master_key_spec           = "SYMMETRIC_DEFAULT" [90m-> null[0m[0m
      [31m-[0m[0m enable_key_rotation                = false [90m-> null[0m[0m
      [31m-[0m[0m id                                 = "21a4ee4c-dc7a-44fe-9773-e2e48a7c6dd9" [90m-> null[0m[0m
      [31m-[0m[0m is_enabled                         = true [90m-> null[0m[0m
      [31m-[0m[0m key_id                             = "21a4ee4c-dc7a-44fe-9773-e2e48a7c6dd9" [90m-> null[0m[0m
      [31m-[0m[0m key_usage                          = "ENCRYPT_DECRYPT" [90m-> null[0m[0m
      [31m-[0m[0m multi_region                       = false [90m-> null[0m[0m
      [31m-[0m[0m policy                             = jsonencode(
            {
              [31m-[0m[0m Id        = "key-consolepolicy-3"
              [31m-[0m[0m Statement = [
                  [31m-[0m[0m {
                      [31m-[0m[0m Action    = "kms:*"
                      [31m-[0m[0m Effect    = "Allow"
                      [31m-[0m[0m Principal = {
                          [31m-[0m[0m AWS = "arn:aws:iam::692859926955:root"
                        }
                      [31m-[0m[0m Resource  = "*"
                      [31m-[0m[0m Sid       = "Enable IAM User Permissions"
                    },
                  [31m-[0m[0m {
                      [31m-[0m[0m Action    = [
                          [31m-[0m[0m "kms:Create*",
                          [31m-[0m[0m "kms:Describe*",
                          [31m-[0m[0m "kms:Enable*",
                          [31m-[0m[0m "kms:List*",
                          [31m-[0m[0m "kms:Put*",
                          [31m-[0m[0m "kms:Update*",
                          [31m-[0m[0m "kms:Revoke*",
                          [31m-[0m[0m "kms:Disable*",
                          [31m-[0m[0m "kms:Get*",
                          [31m-[0m[0m "kms:Delete*",
                          [31m-[0m[0m "kms:TagResource",
                          [31m-[0m[0m "kms:UntagResource",
                          [31m-[0m[0m "kms:ScheduleKeyDeletion",
                          [31m-[0m[0m "kms:CancelKeyDeletion",
                        ]
                      [31m-[0m[0m Effect    = "Allow"
                      [31m-[0m[0m Principal = {
                          [31m-[0m[0m AWS = "arn:aws:iam::692859926955:role/aws-reserved/sso.amazonaws.com/ap-northeast-1/AWSReservedSSO_AdministratorAccess_71a4d573abfa63cc"
                        }
                      [31m-[0m[0m Resource  = "*"
                      [31m-[0m[0m Sid       = "Allow access for Key Administrators"
                    },
                  [31m-[0m[0m {
                      [31m-[0m[0m Action    = [
                          [31m-[0m[0m "kms:Encrypt",
                          [31m-[0m[0m "kms:Decrypt",
                          [31m-[0m[0m "kms:ReEncrypt*",
                          [31m-[0m[0m "kms:GenerateDataKey*",
                          [31m-[0m[0m "kms:DescribeKey",
                        ]
                      [31m-[0m[0m Effect    = "Allow"
                      [31m-[0m[0m Principal = {
                          [31m-[0m[0m AWS = [
                              [31m-[0m[0m "arn:aws:iam::692859926955:role/aws-reserved/sso.amazonaws.com/ap-northeast-1/AWSReservedSSO_AdministratorAccess_71a4d573abfa63cc",
                              [31m-[0m[0m "arn:aws:iam::692859926955:role/stg-portal-ecs-task",
                            ]
                        }
                      [31m-[0m[0m Resource  = "*"
                      [31m-[0m[0m Sid       = "Allow use of the key"
                    },
                  [31m-[0m[0m {
                      [31m-[0m[0m Action    = [
                          [31m-[0m[0m "kms:CreateGrant",
                          [31m-[0m[0m "kms:ListGrants",
                          [31m-[0m[0m "kms:RevokeGrant",
                        ]
                      [31m-[0m[0m Condition = {
                          [31m-[0m[0m Bool = {
                              [31m-[0m[0m "kms:GrantIsForAWSResource" = "true"
                            }
                        }
                      [31m-[0m[0m Effect    = "Allow"
                      [31m-[0m[0m Principal = {
                          [31m-[0m[0m AWS = "arn:aws:iam::692859926955:role/aws-reserved/sso.amazonaws.com/ap-northeast-1/AWSReservedSSO_AdministratorAccess_71a4d573abfa63cc"
                        }
                      [31m-[0m[0m Resource  = "*"
                      [31m-[0m[0m Sid       = "Allow attachment of persistent resources"
                    },
                ]
              [31m-[0m[0m Version   = "2012-10-17"
            }
        ) [90m-> null[0m[0m
      [31m-[0m[0m rotation_period_in_days            = 0 [90m-> null[0m[0m
      [31m-[0m[0m tags                               = {} [90m-> null[0m[0m
      [31m-[0m[0m tags_all                           = {
          [31m-[0m[0m "Env"     = "stg"
          [31m-[0m[0m "Project" = "portal"
        } [90m-> null[0m[0m
        [90m# (3 unchanged attributes hidden)[0m[0m
    }

[1m  # aws_main_route_table_association.public[0m will be [1m[31mdestroyed[0m
  # (because aws_main_route_table_association.public is not in configuration)
[0m  [31m-[0m[0m resource "aws_main_route_table_association" "public" {
      [31m-[0m[0m id                      = "rtbassoc-04d76ec0dd2f02563" [90m-> null[0m[0m
      [31m-[0m[0m original_route_table_id = "rtb-0283880bf57a6b42d" [90m-> null[0m[0m
      [31m-[0m[0m route_table_id          = "rtb-07ba91c7b10f9bfcf" [90m-> null[0m[0m
      [31m-[0m[0m vpc_id                  = "vpc-01c3a74fb8f0a3101" [90m-> null[0m[0m
    }

[1m  # module.isuxportal.aws_ecs_cluster.benchmarker[0m will be updated in-place
[0m  [33m~[0m[0m resource "aws_ecs_cluster" "benchmarker" {
        id       = "arn:aws:ecs:ap-northeast-1:692859926955:cluster/stg-benchmarker"
        name     = "stg-benchmarker"
        tags     = {}
        [90m# (2 unchanged attributes hidden)[0m[0m

      [33m~[0m[0m configuration {
          [33m~[0m[0m execute_command_configuration {
              [33m~[0m[0m kms_key_id = "arn:aws:kms:ap-northeast-1:692859926955:key/21a4ee4c-dc7a-44fe-9773-e2e48a7c6dd9" -> (known after apply)
                [90m# (1 unchanged attribute hidden)[0m[0m

                [90m# (1 unchanged block hidden)[0m[0m
            }
        }

        [90m# (1 unchanged block hidden)[0m[0m
    }

[1m  # module.isuxportal.aws_ecs_cluster.main[0m will be updated in-place
[0m  [33m~[0m[0m resource "aws_ecs_cluster" "main" {
        id       = "arn:aws:ecs:ap-northeast-1:692859926955:cluster/stg-portal"
        name     = "stg-portal"
        tags     = {}
        [90m# (2 unchanged attributes hidden)[0m[0m

      [33m~[0m[0m configuration {
          [33m~[0m[0m execute_command_configuration {
              [33m~[0m[0m kms_key_id = "arn:aws:kms:ap-northeast-1:692859926955:key/21a4ee4c-dc7a-44fe-9773-e2e48a7c6dd9" -> (known after apply)
                [90m# (1 unchanged attribute hidden)[0m[0m

                [90m# (1 unchanged block hidden)[0m[0m
            }
        }

        [90m# (1 unchanged block hidden)[0m[0m
    }

[1m  # module.isuxportal.aws_internet_gateway.main[0m will be created
[0m  [32m+[0m[0m resource "aws_internet_gateway" "main" {
      [32m+[0m[0m arn      = (known after apply)
      [32m+[0m[0m id       = (known after apply)
      [32m+[0m[0m owner_id = (known after apply)
      [32m+[0m[0m tags     = {
          [32m+[0m[0m "Name" = "stg-portal-igw"
        }
      [32m+[0m[0m tags_all = {
          [32m+[0m[0m "Env"     = "stg"
          [32m+[0m[0m "Name"    = "stg-portal-igw"
          [32m+[0m[0m "Project" = "portal"
        }
      [32m+[0m[0m vpc_id   = "vpc-01c3a74fb8f0a3101"
    }

[1m  # module.isuxportal.aws_kms_alias.main[0m will be created
[0m  [32m+[0m[0m resource "aws_kms_alias" "main" {
      [32m+[0m[0m arn            = (known after apply)
      [32m+[0m[0m id             = (known after apply)
      [32m+[0m[0m name           = "alias/stg-portal"
      [32m+[0m[0m name_prefix    = (known after apply)
      [32m+[0m[0m target_key_arn = (known after apply)
      [32m+[0m[0m target_key_id  = (known after apply)
    }

[1m  # module.isuxportal.aws_kms_key.main[0m will be created
[0m  [32m+[0m[0m resource "aws_kms_key" "main" {
      [32m+[0m[0m arn                                = (known after apply)
      [32m+[0m[0m bypass_policy_lockout_safety_check = false
      [32m+[0m[0m customer_master_key_spec           = "SYMMETRIC_DEFAULT"
      [32m+[0m[0m description                        = (known after apply)
      [32m+[0m[0m enable_key_rotation                = false
      [32m+[0m[0m id                                 = (known after apply)
      [32m+[0m[0m is_enabled                         = true
      [32m+[0m[0m key_id                             = (known after apply)
      [32m+[0m[0m key_usage                          = "ENCRYPT_DECRYPT"
      [32m+[0m[0m multi_region                       = (known after apply)
      [32m+[0m[0m policy                             = jsonencode(
            {
              [32m+[0m[0m Id        = "key-consolepolicy-3"
              [32m+[0m[0m Statement = [
                  [32m+[0m[0m {
                      [32m+[0m[0m Action    = "kms:*"
                      [32m+[0m[0m Effect    = "Allow"
                      [32m+[0m[0m Principal = {
                          [32m+[0m[0m AWS = "arn:aws:iam::692859926955:root"
                        }
                      [32m+[0m[0m Resource  = "*"
                      [32m+[0m[0m Sid       = "Enable IAM User Permissions"
                    },
                  [32m+[0m[0m {
                      [32m+[0m[0m Action    = [
                          [32m+[0m[0m "kms:Create*",
                          [32m+[0m[0m "kms:Describe*",
                          [32m+[0m[0m "kms:Enable*",
                          [32m+[0m[0m "kms:List*",
                          [32m+[0m[0m "kms:Put*",
                          [32m+[0m[0m "kms:Update*",
                          [32m+[0m[0m "kms:Revoke*",
                          [32m+[0m[0m "kms:Disable*",
                          [32m+[0m[0m "kms:Get*",
                          [32m+[0m[0m "kms:Delete*",
                          [32m+[0m[0m "kms:TagResource",
                          [32m+[0m[0m "kms:UntagResource",
                          [32m+[0m[0m "kms:ScheduleKeyDeletion",
                          [32m+[0m[0m "kms:CancelKeyDeletion",
                        ]
                      [32m+[0m[0m Effect    = "Allow"
                      [32m+[0m[0m Principal = {
                          [32m+[0m[0m AWS = "arn:aws:iam::692859926955:role/aws-reserved/sso.amazonaws.com/ap-northeast-1/AWSReservedSSO_AdministratorAccess_71a4d573abfa63cc"
                        }
                      [32m+[0m[0m Resource  = "*"
                      [32m+[0m[0m Sid       = "Allow access for Key Administrators"
                    },
                  [32m+[0m[0m {
                      [32m+[0m[0m Action    = [
                          [32m+[0m[0m "kms:Encrypt",
                          [32m+[0m[0m "kms:Decrypt",
                          [32m+[0m[0m "kms:ReEncrypt*",
                          [32m+[0m[0m "kms:GenerateDataKey*",
                          [32m+[0m[0m "kms:DescribeKey",
                        ]
                      [32m+[0m[0m Effect    = "Allow"
                      [32m+[0m[0m Principal = {
                          [32m+[0m[0m AWS = [
                              [32m+[0m[0m "arn:aws:iam::692859926955:role/aws-reserved/sso.amazonaws.com/ap-northeast-1/AWSReservedSSO_AdministratorAccess_71a4d573abfa63cc",
                              [32m+[0m[0m "arn:aws:iam::692859926955:role/stg-portal-ecs-task",
                            ]
                        }
                      [32m+[0m[0m Resource  = "*"
                      [32m+[0m[0m Sid       = "Allow use of the key"
                    },
                  [32m+[0m[0m {
                      [32m+[0m[0m Action    = [
                          [32m+[0m[0m "kms:CreateGrant",
                          [32m+[0m[0m "kms:ListGrants",
                          [32m+[0m[0m "kms:RevokeGrant",
                        ]
                      [32m+[0m[0m Condition = {
                          [32m+[0m[0m Bool = {
                              [32m+[0m[0m "kms:GrantIsForAWSResource" = "true"
                            }
                        }
                      [32m+[0m[0m Effect    = "Allow"
                      [32m+[0m[0m Principal = {
                          [32m+[0m[0m AWS = "arn:aws:iam::692859926955:role/aws-reserved/sso.amazonaws.com/ap-northeast-1/AWSReservedSSO_AdministratorAccess_71a4d573abfa63cc"
                        }
                      [32m+[0m[0m Resource  = "*"
                      [32m+[0m[0m Sid       = "Allow attachment of persistent resources"
                    },
                ]
              [32m+[0m[0m Version   = "2012-10-17"
            }
        )
      [32m+[0m[0m rotation_period_in_days            = (known after apply)
      [32m+[0m[0m tags_all                           = {
          [32m+[0m[0m "Env"     = "stg"
          [32m+[0m[0m "Project" = "portal"
        }
    }

[1m  # module.isuxportal.aws_main_route_table_association.public[0m will be created
[0m  [32m+[0m[0m resource "aws_main_route_table_association" "public" {
      [32m+[0m[0m id                      = (known after apply)
      [32m+[0m[0m original_route_table_id = (known after apply)
      [32m+[0m[0m route_table_id          = "rtb-07ba91c7b10f9bfcf"
      [32m+[0m[0m vpc_id                  = "vpc-01c3a74fb8f0a3101"
    }

[1m  # module.isuxportal.aws_route_table.public[0m will be updated in-place
[0m  [33m~[0m[0m resource "aws_route_table" "public" {
        id               = "rtb-07ba91c7b10f9bfcf"
      [33m~[0m[0m route            = [
          [31m-[0m[0m {
              [31m-[0m[0m cidr_block                 = "0.0.0.0/0"
              [31m-[0m[0m gateway_id                 = "igw-0bcd2500b5923aad3"
                [90m# (11 unchanged attributes hidden)[0m[0m
            },
          [32m+[0m[0m {
              [32m+[0m[0m cidr_block                 = "0.0.0.0/0"
              [32m+[0m[0m gateway_id                 = (known after apply)
                [90m# (11 unchanged attributes hidden)[0m[0m
            },
        ]
        tags             = {
            "Name" = "stg-portal-public"
        }
        [90m# (5 unchanged attributes hidden)[0m[0m
    }

[1mPlan:[0m 4 to add, 3 to change, 4 to destroy.
[0m[90m
─────────────────────────────────────────────────────────────────────────────[0m

Note: You didn't use the -out option to save this plan, so Terraform can't
guarantee to take exactly these actions if you run "terraform apply" now.
