lockfileVersion: '9.0'

settings:
  autoInstallPeers: true
  excludeLinksFromLockfile: false

importers:

  .:
    dependencies:
      '@bufbuild/buf':
        specifier: ^1.36.0
        version: 1.36.0

packages:

  '@bufbuild/buf-darwin-arm64@1.36.0':
    resolution: {integrity: sha512-0sXbTAedj9KY7NSHbf4536SLQKjV4yhlREw44f9mV9kGFI3Jr2Dj1z8UDzB80Ti3YFgpVu2BbcOMXIDzQ6dleA==}
    engines: {node: '>=12'}
    cpu: [arm64]
    os: [darwin]

  '@bufbuild/buf-darwin-x64@1.36.0':
    resolution: {integrity: sha512-zKuE+awq1Bslv7WcJ5Rq2npCxAGeEFnQJ4tAMD0RjY8MZ9SjJRETmngU0xGeFdh/FM91+A8f8JehXtUX4D5/3g==}
    engines: {node: '>=12'}
    cpu: [x64]
    os: [darwin]

  '@bufbuild/buf-linux-aarch64@1.36.0':
    resolution: {integrity: sha512-GaDGNezX2i2P2bpCwMwjhhoJcu0CKnFzK3c3loS7ErP9e+y3D+AubHkB+Y5MVnmzlV65GD7HcwWnygeUI1rBSg==}
    engines: {node: '>=12'}
    cpu: [arm64]
    os: [linux]

  '@bufbuild/buf-linux-x64@1.36.0':
    resolution: {integrity: sha512-gF2itk9vZrEYvHX1TobPdwDxh16DGTbfN4W5X66BUDKTZmdgctWBDRrj15UfAZO9oSjEc3oMQM+HkoWkOtsCxw==}
    engines: {node: '>=12'}
    cpu: [x64]
    os: [linux]

  '@bufbuild/buf-win32-arm64@1.36.0':
    resolution: {integrity: sha512-YQDM6hnk4gj4KNrC/rJGLeplD9Lntf2J6b9E1xIlJ7YfMLkXKt72iXT351lLUygN4MNjVhdWTP+GU+tdqMrfPQ==}
    engines: {node: '>=12'}
    cpu: [arm64]
    os: [win32]

  '@bufbuild/buf-win32-x64@1.36.0':
    resolution: {integrity: sha512-qp+TuO7mHDBpJf/CtMZmIM77txcoUhGJpbjSkW+4WGpcPtwmNtQqciTYqLHXwlBVDSq9GhxpNTyx/W+kXCJS/g==}
    engines: {node: '>=12'}
    cpu: [x64]
    os: [win32]

  '@bufbuild/buf@1.36.0':
    resolution: {integrity: sha512-IhUx4aSlCGGD9wJQMsccs+jYsLowdbVPLtJnjJJvLWjxvatKV224iuKn6jP930k0rvejt/c6n/0sSWVu12zksQ==}
    engines: {node: '>=12'}
    hasBin: true

snapshots:

  '@bufbuild/buf-darwin-arm64@1.36.0':
    optional: true

  '@bufbuild/buf-darwin-x64@1.36.0':
    optional: true

  '@bufbuild/buf-linux-aarch64@1.36.0':
    optional: true

  '@bufbuild/buf-linux-x64@1.36.0':
    optional: true

  '@bufbuild/buf-win32-arm64@1.36.0':
    optional: true

  '@bufbuild/buf-win32-x64@1.36.0':
    optional: true

  '@bufbuild/buf@1.36.0':
    optionalDependencies:
      '@bufbuild/buf-darwin-arm64': 1.36.0
      '@bufbuild/buf-darwin-x64': 1.36.0
      '@bufbuild/buf-linux-aarch64': 1.36.0
      '@bufbuild/buf-linux-x64': 1.36.0
      '@bufbuild/buf-win32-arm64': 1.36.0
      '@bufbuild/buf-win32-x64': 1.36.0
